
Microsoft Visual Studio Solution File, Format Version 12.00
# Visual Studio Version 16
VisualStudioVersion = 16.0.29025.244
MinimumVisualStudioVersion = 10.0.40219.1
Project("{FAE04EC0-301F-11D3-BF4B-00C04F79EFBC}") = "Task1", "Task1\Task1.csproj", "{E435CF9B-A5BB-4D1C-96D1-86C2CA72B383}"
EndProject
Project("{2150E333-8FDC-42A3-9474-1A3956D46DE8}") = "Homework2", "Homework2", "{EF662062-FD2B-4F5D-8475-E99F7A10EF5A}"
EndProject
Project("{FAE04EC0-301F-11D3-BF4B-00C04F79EFBC}") = "Task2", "Task2\Task2.csproj", "{CFE095AD-56DE-417A-8A75-2CB7D8BEC9E5}"
EndProject
Project("{FAE04EC0-301F-11D3-BF4B-00C04F79EFBC}") = "Task3", "Task3\Task3.csproj", "{10338776-746D-40A6-8B39-30D2D864981F}"
EndProject
Project("{FAE04EC0-301F-11D3-BF4B-00C04F79EFBC}") = "Task4", "Task4\Task4.csproj", "{34430051-8C6B-49F5-824A-B266C391F3A2}"
EndProject
Project("{FAE04EC0-301F-11D3-BF4B-00C04F79EFBC}") = "Task5", "Task5\Task5.csproj", "{ED10CFDD-D825-44C7-B43B-6752EEADCB23}"
EndProject
Project("{FAE04EC0-301F-11D3-BF4B-00C04F79EFBC}") = "Task6", "Task6\Task6.csproj", "{951619BB-750A-44E9-BFC5-ED0DBF767003}"
EndProject
Project("{FAE04EC0-301F-11D3-BF4B-00C04F79EFBC}") = "Task7", "Task7\Task7.csproj", "{D7281792-8323-4FB6-896E-C71B5F7FF893}"
EndProject
Global
	GlobalSection(SolutionConfigurationPlatforms) = preSolution
		Debug|Any CPU = Debug|Any CPU
		Release|Any CPU = Release|Any CPU
	EndGlobalSection
	GlobalSection(ProjectConfigurationPlatforms) = postSolution
		{E435CF9B-A5BB-4D1C-96D1-86C2CA72B383}.Debug|Any CPU.ActiveCfg = Debug|Any CPU
		{E435CF9B-A5BB-4D1C-96D1-86C2CA72B383}.Debug|Any CPU.Build.0 = Debug|Any CPU
		{E435CF9B-A5BB-4D1C-96D1-86C2CA72B383}.Release|Any CPU.ActiveCfg = Release|Any CPU
		{E435CF9B-A5BB-4D1C-96D1-86C2CA72B383}.Release|Any CPU.Build.0 = Release|Any CPU
		{CFE095AD-56DE-417A-8A75-2CB7D8BEC9E5}.Debug|Any CPU.ActiveCfg = Debug|Any CPU
		{CFE095AD-56DE-417A-8A75-2CB7D8BEC9E5}.Debug|Any CPU.Build.0 = Debug|Any CPU
		{CFE095AD-56DE-417A-8A75-2CB7D8BEC9E5}.Release|Any CPU.ActiveCfg = Release|Any CPU
		{CFE095AD-56DE-417A-8A75-2CB7D8BEC9E5}.Release|Any CPU.Build.0 = Release|Any CPU
		{10338776-746D-40A6-8B39-30D2D864981F}.Debug|Any CPU.ActiveCfg = Debug|Any CPU
		{10338776-746D-40A6-8B39-30D2D864981F}.Debug|Any CPU.Build.0 = Debug|Any CPU
		{10338776-746D-40A6-8B39-30D2D864981F}.Release|Any CPU.ActiveCfg = Release|Any CPU
		{10338776-746D-40A6-8B39-30D2D864981F}.Release|Any CPU.Build.0 = Release|Any CPU
		{34430051-8C6B-49F5-824A-B266C391F3A2}.Debug|Any CPU.ActiveCfg = Debug|Any CPU
		{34430051-8C6B-49F5-824A-B266C391F3A2}.Debug|Any CPU.Build.0 = Debug|Any CPU
		{34430051-8C6B-49F5-824A-B266C391F3A2}.Release|Any CPU.ActiveCfg = Release|Any CPU
		{34430051-8C6B-49F5-824A-B266C391F3A2}.Release|Any CPU.Build.0 = Release|Any CPU
		{ED10CFDD-D825-44C7-B43B-6752EEADCB23}.Debug|Any CPU.ActiveCfg = Debug|Any CPU
		{ED10CFDD-D825-44C7-B43B-6752EEADCB23}.Debug|Any CPU.Build.0 = Debug|Any CPU
		{ED10CFDD-D825-44C7-B43B-6752EEADCB23}.Release|Any CPU.ActiveCfg = Release|Any CPU
		{ED10CFDD-D825-44C7-B43B-6752EEADCB23}.Release|Any CPU.Build.0 = Release|Any CPU
		{951619BB-750A-44E9-BFC5-ED0DBF767003}.Debug|Any CPU.ActiveCfg = Debug|Any CPU
		{951619BB-750A-44E9-BFC5-ED0DBF767003}.Debug|Any CPU.Build.0 = Debug|Any CPU
		{951619BB-750A-44E9-BFC5-ED0DBF767003}.Release|Any CPU.ActiveCfg = Release|Any CPU
		{951619BB-750A-44E9-BFC5-ED0DBF767003}.Release|Any CPU.Build.0 = Release|Any CPU
		{D7281792-8323-4FB6-896E-C71B5F7FF893}.Debug|Any CPU.ActiveCfg = Debug|Any CPU
		{D7281792-8323-4FB6-896E-C71B5F7FF893}.Debug|Any CPU.Build.0 = Debug|Any CPU
		{D7281792-8323-4FB6-896E-C71B5F7FF893}.Release|Any CPU.ActiveCfg = Release|Any CPU
		{D7281792-8323-4FB6-896E-C71B5F7FF893}.Release|Any CPU.Build.0 = Release|Any CPU
	EndGlobalSection
	GlobalSection(SolutionProperties) = preSolution
		HideSolutionNode = FALSE
	EndGlobalSection
	GlobalSection(NestedProjects) = preSolution
		{E435CF9B-A5BB-4D1C-96D1-86C2CA72B383} = {EF662062-FD2B-4F5D-8475-E99F7A10EF5A}
		{CFE095AD-56DE-417A-8A75-2CB7D8BEC9E5} = {EF662062-FD2B-4F5D-8475-E99F7A10EF5A}
		{10338776-746D-40A6-8B39-30D2D864981F} = {EF662062-FD2B-4F5D-8475-E99F7A10EF5A}
		{34430051-8C6B-49F5-824A-B266C391F3A2} = {EF662062-FD2B-4F5D-8475-E99F7A10EF5A}
		{ED10CFDD-D825-44C7-B43B-6752EEADCB23} = {EF662062-FD2B-4F5D-8475-E99F7A10EF5A}
		{951619BB-750A-44E9-BFC5-ED0DBF767003} = {EF662062-FD2B-4F5D-8475-E99F7A10EF5A}
		{D7281792-8323-4FB6-896E-C71B5F7FF893} = {EF662062-FD2B-4F5D-8475-E99F7A10EF5A}
	EndGlobalSection
	GlobalSection(ExtensibilityGlobals) = postSolution
		SolutionGuid = {69AA219E-98B3-4EE5-91FE-6296CDAF5A96}
	EndGlobalSection
EndGlobal
